
Microsoft Visual Studio Solution File, Format Version 12.00
# Visual Studio 14
VisualStudioVersion = 14.0.25420.1
MinimumVisualStudioVersion = 10.0.40219.1
Project("{FAE04EC0-301F-11D3-BF4B-00C04F79EFBC}") = "PakingList", "PakingList\PakingList.csproj", "{09BD18BF-2077-4A7D-9B18-E5BB754528D0}"
EndProject
Project("{FAE04EC0-301F-11D3-BF4B-00C04F79EFBC}") = "BusinessLogic", "BusinessLogic\BusinessLogic.csproj", "{96253F09-EFA9-4B69-A505-B9A72AF9AD59}"
EndProject
Global
	GlobalSection(SolutionConfigurationPlatforms) = preSolution
		Debug|Any CPU = Debug|Any CPU
		Release|Any CPU = Release|Any CPU
	EndGlobalSection
	GlobalSection(ProjectConfigurationPlatforms) = postSolution
		{09BD18BF-2077-4A7D-9B18-E5BB754528D0}.Debug|Any CPU.ActiveCfg = Debug|Any CPU
		{09BD18BF-2077-4A7D-9B18-E5BB754528D0}.Debug|Any CPU.Build.0 = Debug|Any CPU
		{09BD18BF-2077-4A7D-9B18-E5BB754528D0}.Release|Any CPU.ActiveCfg = Release|Any CPU
		{09BD18BF-2077-4A7D-9B18-E5BB754528D0}.Release|Any CPU.Build.0 = Release|Any CPU
		{96253F09-EFA9-4B69-A505-B9A72AF9AD59}.Debug|Any CPU.ActiveCfg = Debug|Any CPU
		{96253F09-EFA9-4B69-A505-B9A72AF9AD59}.Debug|Any CPU.Build.0 = Debug|Any CPU
		{96253F09-EFA9-4B69-A505-B9A72AF9AD59}.Release|Any CPU.ActiveCfg = Release|Any CPU
		{96253F09-EFA9-4B69-A505-B9A72AF9AD59}.Release|Any CPU.Build.0 = Release|Any CPU
	EndGlobalSection
	GlobalSection(SolutionProperties) = preSolution
		HideSolutionNode = FALSE
	EndGlobalSection
EndGlobal
